
Microsoft Visual Studio Solution File, Format Version 12.00
Project("{FAE04EC0-301F-11D3-BF4B-00C04F79EFBC}") = "OnlineStore", "OnlineStore\OnlineStore.csproj", "{845AFD8C-895C-4F89-A092-43E9E84876AD}"
EndProject
Global
	GlobalSection(SolutionConfigurationPlatforms) = preSolution
		Debug|Any CPU = Debug|Any CPU
		Release|Any CPU = Release|Any CPU
	EndGlobalSection
	GlobalSection(ProjectConfigurationPlatforms) = postSolution
		{845AFD8C-895C-4F89-A092-43E9E84876AD}.Debug|Any CPU.ActiveCfg = Debug|Any CPU
		{845AFD8C-895C-4F89-A092-43E9E84876AD}.Debug|Any CPU.Build.0 = Debug|Any CPU
		{845AFD8C-895C-4F89-A092-43E9E84876AD}.Release|Any CPU.ActiveCfg = Release|Any CPU
		{845AFD8C-895C-4F89-A092-43E9E84876AD}.Release|Any CPU.Build.0 = Release|Any CPU
	EndGlobalSection
EndGlobal
